
Microsoft Visual Studio Solution File, Format Version 12.00
# Visual Studio 15
VisualStudioVersion = 15.0.28307.421
MinimumVisualStudioVersion = 10.0.40219.1
Project("{FAE04EC0-301F-11D3-BF4B-00C04F79EFBC}") = "InterestAmount", "InterestAmount\InterestAmount.csproj", "{2BAFA26B-2B93-4380-8A4A-1EB6D0985969}"
EndProject
Global
	GlobalSection(SolutionConfigurationPlatforms) = preSolution
		Debug|Any CPU = Debug|Any CPU
		Release|Any CPU = Release|Any CPU
	EndGlobalSection
	GlobalSection(ProjectConfigurationPlatforms) = postSolution
		{2BAFA26B-2B93-4380-8A4A-1EB6D0985969}.Debug|Any CPU.ActiveCfg = Debug|Any CPU
		{2BAFA26B-2B93-4380-8A4A-1EB6D0985969}.Debug|Any CPU.Build.0 = Debug|Any CPU
		{2BAFA26B-2B93-4380-8A4A-1EB6D0985969}.Release|Any CPU.ActiveCfg = Release|Any CPU
		{2BAFA26B-2B93-4380-8A4A-1EB6D0985969}.Release|Any CPU.Build.0 = Release|Any CPU
	EndGlobalSection
	GlobalSection(SolutionProperties) = preSolution
		HideSolutionNode = FALSE
	EndGlobalSection
	GlobalSection(ExtensibilityGlobals) = postSolution
		SolutionGuid = {1257FB53-F367-4980-B8FE-E609841584FF}
	EndGlobalSection
EndGlobal
